
Microsoft Visual Studio Solution File, Format Version 12.00
# Visual Studio Version 17
VisualStudioVersion = 17.6.33801.468
MinimumVisualStudioVersion = 10.0.40219.1
Project("{FAE04EC0-301F-11D3-BF4B-00C04F79EFBC}") = "Пр1_1_Инд_Стынгач", "Пр1_1_Инд_Стынгач.csproj", "{758837E3-0C88-4CA4-A524-E6A1F285D6CB}"
EndProject
Global
	GlobalSection(SolutionConfigurationPlatforms) = preSolution
		Debug|Any CPU = Debug|Any CPU
		Release|Any CPU = Release|Any CPU
	EndGlobalSection
	GlobalSection(ProjectConfigurationPlatforms) = postSolution
		{758837E3-0C88-4CA4-A524-E6A1F285D6CB}.Debug|Any CPU.ActiveCfg = Debug|Any CPU
		{758837E3-0C88-4CA4-A524-E6A1F285D6CB}.Debug|Any CPU.Build.0 = Debug|Any CPU
		{758837E3-0C88-4CA4-A524-E6A1F285D6CB}.Release|Any CPU.ActiveCfg = Release|Any CPU
		{758837E3-0C88-4CA4-A524-E6A1F285D6CB}.Release|Any CPU.Build.0 = Release|Any CPU
	EndGlobalSection
	GlobalSection(SolutionProperties) = preSolution
		HideSolutionNode = FALSE
	EndGlobalSection
	GlobalSection(ExtensibilityGlobals) = postSolution
		SolutionGuid = {E8932E4E-2E10-4273-BE7B-D65A3C18345A}
	EndGlobalSection
EndGlobal
