
Microsoft Visual Studio Solution File, Format Version 12.00
# Visual Studio Version 17
VisualStudioVersion = 17.6.33801.468
MinimumVisualStudioVersion = 10.0.40219.1
Project("{FAE04EC0-301F-11D3-BF4B-00C04F79EFBC}") = "Пр1_2_2_Стынгач", "Пр1_2_2_Стынгач.csproj", "{DDA86BD0-68B0-4318-B5A1-658ADB66E178}"
EndProject
Global
	GlobalSection(SolutionConfigurationPlatforms) = preSolution
		Debug|Any CPU = Debug|Any CPU
		Release|Any CPU = Release|Any CPU
	EndGlobalSection
	GlobalSection(ProjectConfigurationPlatforms) = postSolution
		{DDA86BD0-68B0-4318-B5A1-658ADB66E178}.Debug|Any CPU.ActiveCfg = Debug|Any CPU
		{DDA86BD0-68B0-4318-B5A1-658ADB66E178}.Debug|Any CPU.Build.0 = Debug|Any CPU
		{DDA86BD0-68B0-4318-B5A1-658ADB66E178}.Release|Any CPU.ActiveCfg = Release|Any CPU
		{DDA86BD0-68B0-4318-B5A1-658ADB66E178}.Release|Any CPU.Build.0 = Release|Any CPU
	EndGlobalSection
	GlobalSection(SolutionProperties) = preSolution
		HideSolutionNode = FALSE
	EndGlobalSection
	GlobalSection(ExtensibilityGlobals) = postSolution
		SolutionGuid = {AC046C72-77DB-4018-B3AE-440FC2C1F004}
	EndGlobalSection
EndGlobal
